{
  "name": "@letruxux/weserv-js",
  "lockfileVersion": 3,
  "requires": true,
  "packages": {
    "": {
      "name": "@letruxux/weserv-js",
      "license": "MIT",
      "devDependencies": {
        "typescript": "^5"
      }
    },
    "node_modules/typescript": {
      "version": "5.8.3",
      "dev": true,
      "license": "Apache-2.0",
      "bin": {
        "tsc": "bin/tsc",
        "tsserver": "bin/tsserver"
      },
      "engines": {
        "node": ">=14.17"
      }
    }
  }
}
